
Microsoft Visual Studio Solution File, Format Version 12.00
# Visual Studio Version 16
VisualStudioVersion = 16.0.30517.126
MinimumVisualStudioVersion = 10.0.40219.1
Project("{FAE04EC0-301F-11D3-BF4B-00C04F79EFBC}") = "Revisione2", "Revisione2\Revisione2.csproj", "{C21E4D32-D36E-4F38-87F5-21BD6A45264D}"
EndProject
Global
	GlobalSection(SolutionConfigurationPlatforms) = preSolution
		Debug|Any CPU = Debug|Any CPU
		Release|Any CPU = Release|Any CPU
	EndGlobalSection
	GlobalSection(ProjectConfigurationPlatforms) = postSolution
		{C21E4D32-D36E-4F38-87F5-21BD6A45264D}.Debug|Any CPU.ActiveCfg = Debug|Any CPU
		{C21E4D32-D36E-4F38-87F5-21BD6A45264D}.Debug|Any CPU.Build.0 = Debug|Any CPU
		{C21E4D32-D36E-4F38-87F5-21BD6A45264D}.Release|Any CPU.ActiveCfg = Release|Any CPU
		{C21E4D32-D36E-4F38-87F5-21BD6A45264D}.Release|Any CPU.Build.0 = Release|Any CPU
	EndGlobalSection
	GlobalSection(SolutionProperties) = preSolution
		HideSolutionNode = FALSE
	EndGlobalSection
	GlobalSection(ExtensibilityGlobals) = postSolution
		SolutionGuid = {EC058A72-16D0-4E00-859E-8B68E4F3A3D9}
	EndGlobalSection
EndGlobal
